{
  "object": {
    "pins": [
      {
        "package": "Later",
        "repositoryURL": "https://github.com/0xLeif/Later",
        "state": {
          "branch": null,
          "revision": "cb567dd0038faec639bb709afa14c52c3cc13ffa",
          "version": "0.3.1"
        }
      },
      {
        "package": "Object",
        "repositoryURL": "https://github.com/0xLeif/Object",
        "state": {
          "branch": null,
          "revision": "0899ea01c5e4922bd464ac533e620e45defd151c",
          "version": "0.3.0"
        }
      },
      {
        "package": "swift-nio",
        "repositoryURL": "https://github.com/apple/swift-nio.git",
        "state": {
          "branch": null,
          "revision": "5fc24345f92ec4c274121776c215ab0aa1ed4d50",
          "version": "2.22.0"
        }
      },
      {
        "package": "SwiftUIKit",
        "repositoryURL": "https://github.com/0xLeif/SwiftUIKit",
        "state": {
          "branch": "bug/loadingImage-retain",
          "revision": "6d531e67b70977009aa25cdba741bf6cff203128",
          "version": null
        }
      },
      {
        "package": "UDLoader",
        "repositoryURL": "https://github.com/0xLeif/UDLoader",
        "state": {
          "branch": null,
          "revision": "22b1c889e46e2e358f0802d4b76f7dff737b4d96",
          "version": "0.1.0"
        }
      }
    ]
  },
  "version": 1
}
