{
  "object": {
    "pins": [
      {
        "package": "Later",
        "repositoryURL": "https://github.com/0xLeif/Later",
        "state": {
          "branch": null,
          "revision": "cb567dd0038faec639bb709afa14c52c3cc13ffa",
          "version": "0.3.1"
        }
      },
      {
        "package": "swift-nio",
        "repositoryURL": "https://github.com/apple/swift-nio.git",
        "state": {
          "branch": null,
          "revision": "5fc24345f92ec4c274121776c215ab0aa1ed4d50",
          "version": "2.22.0"
        }
      },
      {
        "package": "SwiftUIKit",
        "repositoryURL": "https://github.com/0xLeif/SwiftUIKit",
        "state": {
          "branch": null,
          "revision": "e7332f8842d395e4fbe97b27d3ca3533246c5bc2",
          "version": "2.0.1"
        }
      }
    ]
  },
  "version": 1
}
