// !$*UTF8*$!
{
	archiveVersion = 1;
	classes = {
	};
	objectVersion = 52;
	objects = {

/* Begin PBXBuildFile section */
		296D8DAC24FAAD6A00319CA3 /* AppDelegate.swift in Sources */ = {isa = PBXBuildFile; fileRef = 296D8DAB24FAAD6A00319CA3 /* AppDelegate.swift */; };
		296D8DAE24FAAD6A00319CA3 /* SceneDelegate.swift in Sources */ = {isa = PBXBuildFile; fileRef = 296D8DAD24FAAD6A00319CA3 /* SceneDelegate.swift */; };
		296D8DB024FAAD6A00319CA3 /* ViewController.swift in Sources */ = {isa = PBXBuildFile; fileRef = 296D8DAF24FAAD6A00319CA3 /* ViewController.swift */; };
		296D8DB324FAAD6A00319CA3 /* Main.storyboard in Resources */ = {isa = PBXBuildFile; fileRef = 296D8DB124FAAD6A00319CA3 /* Main.storyboard */; };
		296D8DB524FAAD6B00319CA3 /* Assets.xcassets in Resources */ = {isa = PBXBuildFile; fileRef = 296D8DB424FAAD6B00319CA3 /* Assets.xcassets */; };
		296D8DB824FAAD6B00319CA3 /* LaunchScreen.storyboard in Resources */ = {isa = PBXBuildFile; fileRef = 296D8DB624FAAD6B00319CA3 /* LaunchScreen.storyboard */; };
		296D8DC124FAAD9200319CA3 /* SwiftUIKit in Frameworks */ = {isa = PBXBuildFile; productRef = 296D8DC024FAAD9200319CA3 /* SwiftUIKit */; };
		296D8DC524FABA9300319CA3 /* Slide.swift in Sources */ = {isa = PBXBuildFile; fileRef = 296D8DC424FABA9300319CA3 /* Slide.swift */; };
		296D8DC724FABC5A00319CA3 /* SlideViewController.swift in Sources */ = {isa = PBXBuildFile; fileRef = 296D8DC624FABC5A00319CA3 /* SlideViewController.swift */; };
/* End PBXBuildFile section */

/* Begin PBXFileReference section */
		296D8DA824FAAD6A00319CA3 /* SUIK_Presentation.app */ = {isa = PBXFileReference; explicitFileType = wrapper.application; includeInIndex = 0; path = SUIK_Presentation.app; sourceTree = BUILT_PRODUCTS_DIR; };
		296D8DAB24FAAD6A00319CA3 /* AppDelegate.swift */ = {isa = PBXFileReference; lastKnownFileType = sourcecode.swift; path = AppDelegate.swift; sourceTree = "<group>"; };
		296D8DAD24FAAD6A00319CA3 /* SceneDelegate.swift */ = {isa = PBXFileReference; lastKnownFileType = sourcecode.swift; path = SceneDelegate.swift; sourceTree = "<group>"; };
		296D8DAF24FAAD6A00319CA3 /* ViewController.swift */ = {isa = PBXFileReference; lastKnownFileType = sourcecode.swift; path = ViewController.swift; sourceTree = "<group>"; };
		296D8DB224FAAD6A00319CA3 /* Base */ = {isa = PBXFileReference; lastKnownFileType = file.storyboard; name = Base; path = Base.lproj/Main.storyboard; sourceTree = "<group>"; };
		296D8DB424FAAD6B00319CA3 /* Assets.xcassets */ = {isa = PBXFileReference; lastKnownFileType = folder.assetcatalog; path = Assets.xcassets; sourceTree = "<group>"; };
		296D8DB724FAAD6B00319CA3 /* Base */ = {isa = PBXFileReference; lastKnownFileType = file.storyboard; name = Base; path = Base.lproj/LaunchScreen.storyboard; sourceTree = "<group>"; };
		296D8DB924FAAD6B00319CA3 /* Info.plist */ = {isa = PBXFileReference; lastKnownFileType = text.plist.xml; path = Info.plist; sourceTree = "<group>"; };
		296D8DC224FAADDB00319CA3 /* SUIK_Presentation.entitlements */ = {isa = PBXFileReference; lastKnownFileType = text.plist.entitlements; path = SUIK_Presentation.entitlements; sourceTree = "<group>"; };
		296D8DC424FABA9300319CA3 /* Slide.swift */ = {isa = PBXFileReference; lastKnownFileType = sourcecode.swift; path = Slide.swift; sourceTree = "<group>"; };
		296D8DC624FABC5A00319CA3 /* SlideViewController.swift */ = {isa = PBXFileReference; lastKnownFileType = sourcecode.swift; name = SlideViewController.swift; path = SUIK_Presentation/SlideViewController.swift; sourceTree = SOURCE_ROOT; };
/* End PBXFileReference section */

/* Begin PBXFrameworksBuildPhase section */
		296D8DA524FAAD6A00319CA3 /* Frameworks */ = {
			isa = PBXFrameworksBuildPhase;
			buildActionMask = 2147483647;
			files = (
				296D8DC124FAAD9200319CA3 /* SwiftUIKit in Frameworks */,
			);
			runOnlyForDeploymentPostprocessing = 0;
		};
/* End PBXFrameworksBuildPhase section */

/* Begin PBXGroup section */
		296D8D9F24FAAD6A00319CA3 = {
			isa = PBXGroup;
			children = (
				296D8DAA24FAAD6A00319CA3 /* SUIK_Presentation */,
				296D8DA924FAAD6A00319CA3 /* Products */,
			);
			sourceTree = "<group>";
		};
		296D8DA924FAAD6A00319CA3 /* Products */ = {
			isa = PBXGroup;
			children = (
				296D8DA824FAAD6A00319CA3 /* SUIK_Presentation.app */,
			);
			name = Products;
			sourceTree = "<group>";
		};
		296D8DAA24FAAD6A00319CA3 /* SUIK_Presentation */ = {
			isa = PBXGroup;
			children = (
				296D8DC324FABA8100319CA3 /* Models */,
				296D8DC224FAADDB00319CA3 /* SUIK_Presentation.entitlements */,
				296D8DAB24FAAD6A00319CA3 /* AppDelegate.swift */,
				296D8DAD24FAAD6A00319CA3 /* SceneDelegate.swift */,
				296D8DC624FABC5A00319CA3 /* SlideViewController.swift */,
				296D8DAF24FAAD6A00319CA3 /* ViewController.swift */,
				296D8DB124FAAD6A00319CA3 /* Main.storyboard */,
				296D8DB424FAAD6B00319CA3 /* Assets.xcassets */,
				296D8DB624FAAD6B00319CA3 /* LaunchScreen.storyboard */,
				296D8DB924FAAD6B00319CA3 /* Info.plist */,
			);
			path = SUIK_Presentation;
			sourceTree = "<group>";
		};
		296D8DC324FABA8100319CA3 /* Models */ = {
			isa = PBXGroup;
			children = (
				296D8DC424FABA9300319CA3 /* Slide.swift */,
			);
			path = Models;
			sourceTree = "<group>";
		};
/* End PBXGroup section */

/* Begin PBXNativeTarget section */
		296D8DA724FAAD6A00319CA3 /* SUIK_Presentation */ = {
			isa = PBXNativeTarget;
			buildConfigurationList = 296D8DBC24FAAD6B00319CA3 /* Build configuration list for PBXNativeTarget "SUIK_Presentation" */;
			buildPhases = (
				296D8DA424FAAD6A00319CA3 /* Sources */,
				296D8DA524FAAD6A00319CA3 /* Frameworks */,
				296D8DA624FAAD6A00319CA3 /* Resources */,
			);
			buildRules = (
			);
			dependencies = (
			);
			name = SUIK_Presentation;
			packageProductDependencies = (
				296D8DC024FAAD9200319CA3 /* SwiftUIKit */,
			);
			productName = SUIK_Presentation;
			productReference = 296D8DA824FAAD6A00319CA3 /* SUIK_Presentation.app */;
			productType = "com.apple.product-type.application";
		};
/* End PBXNativeTarget section */

/* Begin PBXProject section */
		296D8DA024FAAD6A00319CA3 /* Project object */ = {
			isa = PBXProject;
			attributes = {
				LastSwiftUpdateCheck = 1160;
				LastUpgradeCheck = 1160;
				ORGANIZATIONNAME = oneleif;
				TargetAttributes = {
					296D8DA724FAAD6A00319CA3 = {
						CreatedOnToolsVersion = 11.6;
					};
				};
			};
			buildConfigurationList = 296D8DA324FAAD6A00319CA3 /* Build configuration list for PBXProject "SUIK_Presentation" */;
			compatibilityVersion = "Xcode 9.3";
			developmentRegion = en;
			hasScannedForEncodings = 0;
			knownRegions = (
				en,
				Base,
			);
			mainGroup = 296D8D9F24FAAD6A00319CA3;
			packageReferences = (
				296D8DBF24FAAD9200319CA3 /* XCRemoteSwiftPackageReference "SwiftUIKit" */,
			);
			productRefGroup = 296D8DA924FAAD6A00319CA3 /* Products */;
			projectDirPath = "";
			projectRoot = "";
			targets = (
				296D8DA724FAAD6A00319CA3 /* SUIK_Presentation */,
			);
		};
/* End PBXProject section */

/* Begin PBXResourcesBuildPhase section */
		296D8DA624FAAD6A00319CA3 /* Resources */ = {
			isa = PBXResourcesBuildPhase;
			buildActionMask = 2147483647;
			files = (
				296D8DB824FAAD6B00319CA3 /* LaunchScreen.storyboard in Resources */,
				296D8DB524FAAD6B00319CA3 /* Assets.xcassets in Resources */,
				296D8DB324FAAD6A00319CA3 /* Main.storyboard in Resources */,
			);
			runOnlyForDeploymentPostprocessing = 0;
		};
/* End PBXResourcesBuildPhase section */

/* Begin PBXSourcesBuildPhase section */
		296D8DA424FAAD6A00319CA3 /* Sources */ = {
			isa = PBXSourcesBuildPhase;
			buildActionMask = 2147483647;
			files = (
				296D8DB024FAAD6A00319CA3 /* ViewController.swift in Sources */,
				296D8DC724FABC5A00319CA3 /* SlideViewController.swift in Sources */,
				296D8DAC24FAAD6A00319CA3 /* AppDelegate.swift in Sources */,
				296D8DAE24FAAD6A00319CA3 /* SceneDelegate.swift in Sources */,
				296D8DC524FABA9300319CA3 /* Slide.swift in Sources */,
			);
			runOnlyForDeploymentPostprocessing = 0;
		};
/* End PBXSourcesBuildPhase section */

/* Begin PBXVariantGroup section */
		296D8DB124FAAD6A00319CA3 /* Main.storyboard */ = {
			isa = PBXVariantGroup;
			children = (
				296D8DB224FAAD6A00319CA3 /* Base */,
			);
			name = Main.storyboard;
			sourceTree = "<group>";
		};
		296D8DB624FAAD6B00319CA3 /* LaunchScreen.storyboard */ = {
			isa = PBXVariantGroup;
			children = (
				296D8DB724FAAD6B00319CA3 /* Base */,
			);
			name = LaunchScreen.storyboard;
			sourceTree = "<group>";
		};
/* End PBXVariantGroup section */

/* Begin XCBuildConfiguration section */
		296D8DBA24FAAD6B00319CA3 /* Debug */ = {
			isa = XCBuildConfiguration;
			buildSettings = {
				ALWAYS_SEARCH_USER_PATHS = NO;
				CLANG_ANALYZER_NONNULL = YES;
				CLANG_ANALYZER_NUMBER_OBJECT_CONVERSION = YES_AGGRESSIVE;
				CLANG_CXX_LANGUAGE_STANDARD = "gnu++14";
				CLANG_CXX_LIBRARY = "libc++";
				CLANG_ENABLE_MODULES = YES;
				CLANG_ENABLE_OBJC_ARC = YES;
				CLANG_ENABLE_OBJC_WEAK = YES;
				CLANG_WARN_BLOCK_CAPTURE_AUTORELEASING = YES;
				CLANG_WARN_BOOL_CONVERSION = YES;
				CLANG_WARN_COMMA = YES;
				CLANG_WARN_CONSTANT_CONVERSION = YES;
				CLANG_WARN_DEPRECATED_OBJC_IMPLEMENTATIONS = YES;
				CLANG_WARN_DIRECT_OBJC_ISA_USAGE = YES_ERROR;
				CLANG_WARN_DOCUMENTATION_COMMENTS = YES;
				CLANG_WARN_EMPTY_BODY = YES;
				CLANG_WARN_ENUM_CONVERSION = YES;
				CLANG_WARN_INFINITE_RECURSION = YES;
				CLANG_WARN_INT_CONVERSION = YES;
				CLANG_WARN_NON_LITERAL_NULL_CONVERSION = YES;
				CLANG_WARN_OBJC_IMPLICIT_RETAIN_SELF = YES;
				CLANG_WARN_OBJC_LITERAL_CONVERSION = YES;
				CLANG_WARN_OBJC_ROOT_CLASS = YES_ERROR;
				CLANG_WARN_RANGE_LOOP_ANALYSIS = YES;
				CLANG_WARN_STRICT_PROTOTYPES = YES;
				CLANG_WARN_SUSPICIOUS_MOVE = YES;
				CLANG_WARN_UNGUARDED_AVAILABILITY = YES_AGGRESSIVE;
				CLANG_WARN_UNREACHABLE_CODE = YES;
				CLANG_WARN__DUPLICATE_METHOD_MATCH = YES;
				COPY_PHASE_STRIP = NO;
				DEBUG_INFORMATION_FORMAT = dwarf;
				ENABLE_STRICT_OBJC_MSGSEND = YES;
				ENABLE_TESTABILITY = YES;
				GCC_C_LANGUAGE_STANDARD = gnu11;
				GCC_DYNAMIC_NO_PIC = NO;
				GCC_NO_COMMON_BLOCKS = YES;
				GCC_OPTIMIZATION_LEVEL = 0;
				GCC_PREPROCESSOR_DEFINITIONS = (
					"DEBUG=1",
					"$(inherited)",
				);
				GCC_WARN_64_TO_32_BIT_CONVERSION = YES;
				GCC_WARN_ABOUT_RETURN_TYPE = YES_ERROR;
				GCC_WARN_UNDECLARED_SELECTOR = YES;
				GCC_WARN_UNINITIALIZED_AUTOS = YES_AGGRESSIVE;
				GCC_WARN_UNUSED_FUNCTION = YES;
				GCC_WARN_UNUSED_VARIABLE = YES;
				IPHONEOS_DEPLOYMENT_TARGET = 13.6;
				MTL_ENABLE_DEBUG_INFO = INCLUDE_SOURCE;
				MTL_FAST_MATH = YES;
				ONLY_ACTIVE_ARCH = YES;
				SDKROOT = iphoneos;
				SWIFT_ACTIVE_COMPILATION_CONDITIONS = DEBUG;
				SWIFT_OPTIMIZATION_LEVEL = "-Onone";
			};
			name = Debug;
		};
		296D8DBB24FAAD6B00319CA3 /* Release */ = {
			isa = XCBuildConfiguration;
			buildSettings = {
				ALWAYS_SEARCH_USER_PATHS = NO;
				CLANG_ANALYZER_NONNULL = YES;
				CLANG_ANALYZER_NUMBER_OBJECT_CONVERSION = YES_AGGRESSIVE;
				CLANG_CXX_LANGUAGE_STANDARD = "gnu++14";
				CLANG_CXX_LIBRARY = "libc++";
				CLANG_ENABLE_MODULES = YES;
				CLANG_ENABLE_OBJC_ARC = YES;
				CLANG_ENABLE_OBJC_WEAK = YES;
				CLANG_WARN_BLOCK_CAPTURE_AUTORELEASING = YES;
				CLANG_WARN_BOOL_CONVERSION = YES;
				CLANG_WARN_COMMA = YES;
				CLANG_WARN_CONSTANT_CONVERSION = YES;
				CLANG_WARN_DEPRECATED_OBJC_IMPLEMENTATIONS = YES;
				CLANG_WARN_DIRECT_OBJC_ISA_USAGE = YES_ERROR;
				CLANG_WARN_DOCUMENTATION_COMMENTS = YES;
				CLANG_WARN_EMPTY_BODY = YES;
				CLANG_WARN_ENUM_CONVERSION = YES;
				CLANG_WARN_INFINITE_RECURSION = YES;
				CLANG_WARN_INT_CONVERSION = YES;
				CLANG_WARN_NON_LITERAL_NULL_CONVERSION = YES;
				CLANG_WARN_OBJC_IMPLICIT_RETAIN_SELF = YES;
				CLANG_WARN_OBJC_LITERAL_CONVERSION = YES;
				CLANG_WARN_OBJC_ROOT_CLASS = YES_ERROR;
				CLANG_WARN_RANGE_LOOP_ANALYSIS = YES;
				CLANG_WARN_STRICT_PROTOTYPES = YES;
				CLANG_WARN_SUSPICIOUS_MOVE = YES;
				CLANG_WARN_UNGUARDED_AVAILABILITY = YES_AGGRESSIVE;
				CLANG_WARN_UNREACHABLE_CODE = YES;
				CLANG_WARN__DUPLICATE_METHOD_MATCH = YES;
				COPY_PHASE_STRIP = NO;
				DEBUG_INFORMATION_FORMAT = "dwarf-with-dsym";
				ENABLE_NS_ASSERTIONS = NO;
				ENABLE_STRICT_OBJC_MSGSEND = YES;
				GCC_C_LANGUAGE_STANDARD = gnu11;
				GCC_NO_COMMON_BLOCKS = YES;
				GCC_WARN_64_TO_32_BIT_CONVERSION = YES;
				GCC_WARN_ABOUT_RETURN_TYPE = YES_ERROR;
				GCC_WARN_UNDECLARED_SELECTOR = YES;
				GCC_WARN_UNINITIALIZED_AUTOS = YES_AGGRESSIVE;
				GCC_WARN_UNUSED_FUNCTION = YES;
				GCC_WARN_UNUSED_VARIABLE = YES;
				IPHONEOS_DEPLOYMENT_TARGET = 13.6;
				MTL_ENABLE_DEBUG_INFO = NO;
				MTL_FAST_MATH = YES;
				SDKROOT = iphoneos;
				SWIFT_COMPILATION_MODE = wholemodule;
				SWIFT_OPTIMIZATION_LEVEL = "-O";
				VALIDATE_PRODUCT = YES;
			};
			name = Release;
		};
		296D8DBD24FAAD6B00319CA3 /* Debug */ = {
			isa = XCBuildConfiguration;
			buildSettings = {
				ASSETCATALOG_COMPILER_APPICON_NAME = AppIcon;
				CODE_SIGN_ENTITLEMENTS = SUIK_Presentation/SUIK_Presentation.entitlements;
				CODE_SIGN_STYLE = Automatic;
				DEVELOPMENT_TEAM = 8M8SAX62V2;
				INFOPLIST_FILE = SUIK_Presentation/Info.plist;
				LD_RUNPATH_SEARCH_PATHS = (
					"$(inherited)",
					"@executable_path/Frameworks",
				);
				PRODUCT_BUNDLE_IDENTIFIER = "ol.SUIK-Presentation";
				PRODUCT_NAME = "$(TARGET_NAME)";
				SUPPORTS_MACCATALYST = YES;
				SWIFT_VERSION = 5.0;
				TARGETED_DEVICE_FAMILY = "1,2";
			};
			name = Debug;
		};
		296D8DBE24FAAD6B00319CA3 /* Release */ = {
			isa = XCBuildConfiguration;
			buildSettings = {
				ASSETCATALOG_COMPILER_APPICON_NAME = AppIcon;
				CODE_SIGN_ENTITLEMENTS = SUIK_Presentation/SUIK_Presentation.entitlements;
				CODE_SIGN_STYLE = Automatic;
				DEVELOPMENT_TEAM = 8M8SAX62V2;
				INFOPLIST_FILE = SUIK_Presentation/Info.plist;
				LD_RUNPATH_SEARCH_PATHS = (
					"$(inherited)",
					"@executable_path/Frameworks",
				);
				PRODUCT_BUNDLE_IDENTIFIER = "ol.SUIK-Presentation";
				PRODUCT_NAME = "$(TARGET_NAME)";
				SUPPORTS_MACCATALYST = YES;
				SWIFT_VERSION = 5.0;
				TARGETED_DEVICE_FAMILY = "1,2";
			};
			name = Release;
		};
/* End XCBuildConfiguration section */

/* Begin XCConfigurationList section */
		296D8DA324FAAD6A00319CA3 /* Build configuration list for PBXProject "SUIK_Presentation" */ = {
			isa = XCConfigurationList;
			buildConfigurations = (
				296D8DBA24FAAD6B00319CA3 /* Debug */,
				296D8DBB24FAAD6B00319CA3 /* Release */,
			);
			defaultConfigurationIsVisible = 0;
			defaultConfigurationName = Release;
		};
		296D8DBC24FAAD6B00319CA3 /* Build configuration list for PBXNativeTarget "SUIK_Presentation" */ = {
			isa = XCConfigurationList;
			buildConfigurations = (
				296D8DBD24FAAD6B00319CA3 /* Debug */,
				296D8DBE24FAAD6B00319CA3 /* Release */,
			);
			defaultConfigurationIsVisible = 0;
			defaultConfigurationName = Release;
		};
/* End XCConfigurationList section */

/* Begin XCRemoteSwiftPackageReference section */
		296D8DBF24FAAD9200319CA3 /* XCRemoteSwiftPackageReference "SwiftUIKit" */ = {
			isa = XCRemoteSwiftPackageReference;
			repositoryURL = "https://github.com/0xLeif/SwiftUIKit";
			requirement = {
				branch = "bug/promise-resign";
				kind = branch;
			};
		};
/* End XCRemoteSwiftPackageReference section */

/* Begin XCSwiftPackageProductDependency section */
		296D8DC024FAAD9200319CA3 /* SwiftUIKit */ = {
			isa = XCSwiftPackageProductDependency;
			package = 296D8DBF24FAAD9200319CA3 /* XCRemoteSwiftPackageReference "SwiftUIKit" */;
			productName = SwiftUIKit;
		};
/* End XCSwiftPackageProductDependency section */
	};
	rootObject = 296D8DA024FAAD6A00319CA3 /* Project object */;
}
